{
  "projects": [
    {
      "projectId": "gzk14oXgaAXzvGY4rg9Zpf",
      "version": "latest",
      "dependencies": {},
      "lang": "ts",
      "fileLocks": [
        {
          "type": "globalVariant",
          "assetId": "BAI21pvFA_wEr",
          "checksum": "562dc791a4296f974b312ae6827dfba6"
        },
        {
          "type": "renderModule",
          "assetId": "9gdORR-4bswP",
          "checksum": "b6ab72236720e7eeac163ed9b256eea7"
        },
        {
          "type": "cssRules",
          "assetId": "9gdORR-4bswP",
          "checksum": "b6ab72236720e7eeac163ed9b256eea7"
        },
        {
          "type": "renderModule",
          "assetId": "cvcnfaaG2op",
          "checksum": "f70387140e296e7b3509fe299b01ac7e"
        },
        {
          "type": "cssRules",
          "assetId": "cvcnfaaG2op",
          "checksum": "f70387140e296e7b3509fe299b01ac7e"
        },
        {
          "type": "renderModule",
          "assetId": "ozeV0SDc71z",
          "checksum": "b82078fb7c062a5837edbb589d4c7ccd"
        },
        {
          "type": "cssRules",
          "assetId": "ozeV0SDc71z",
          "checksum": "b82078fb7c062a5837edbb589d4c7ccd"
        },
        {
          "type": "renderModule",
          "assetId": "jwdOlP8e8I",
          "checksum": "884f55674ae2dd6f76bbdd526c91f852"
        },
        {
          "type": "cssRules",
          "assetId": "jwdOlP8e8I",
          "checksum": "884f55674ae2dd6f76bbdd526c91f852"
        },
        {
          "type": "renderModule",
          "assetId": "Fe_6jVXYe9",
          "checksum": "55fd97945ac34cb80afe16faf8b77d48"
        },
        {
          "type": "cssRules",
          "assetId": "Fe_6jVXYe9",
          "checksum": "55fd97945ac34cb80afe16faf8b77d48"
        },
        {
          "type": "renderModule",
          "assetId": "2qwjn15PEpaD",
          "checksum": "503278bec3d3319d14c37cc4765d2949"
        },
        {
          "type": "cssRules",
          "assetId": "2qwjn15PEpaD",
          "checksum": "503278bec3d3319d14c37cc4765d2949"
        },
        {
          "type": "renderModule",
          "assetId": "hSWddtmbb3zU",
          "checksum": "213cd6f7a09ddfd9d72fa40fe94a1ecf"
        },
        {
          "type": "cssRules",
          "assetId": "hSWddtmbb3zU",
          "checksum": "213cd6f7a09ddfd9d72fa40fe94a1ecf"
        },
        {
          "type": "renderModule",
          "assetId": "Wm6WgSQyxx",
          "checksum": "4686032393cc740c0c17c0c6a3b8023a"
        },
        {
          "type": "cssRules",
          "assetId": "Wm6WgSQyxx",
          "checksum": "4686032393cc740c0c17c0c6a3b8023a"
        },
        {
          "type": "renderModule",
          "assetId": "KBsiqVvoDo",
          "checksum": "c589ea0fecc3aaa3f27ce9d4be6ad53b"
        },
        {
          "type": "cssRules",
          "assetId": "KBsiqVvoDo",
          "checksum": "c589ea0fecc3aaa3f27ce9d4be6ad53b"
        },
        {
          "type": "renderModule",
          "assetId": "f2loefW4x-",
          "checksum": "819ebda8f976178b799dcb8db3e36b84"
        },
        {
          "type": "cssRules",
          "assetId": "f2loefW4x-",
          "checksum": "819ebda8f976178b799dcb8db3e36b84"
        },
        {
          "type": "renderModule",
          "assetId": "WNewsjzP5x",
          "checksum": "e0bcf3ec771c98375d84462c1d38578c"
        },
        {
          "type": "cssRules",
          "assetId": "WNewsjzP5x",
          "checksum": "e0bcf3ec771c98375d84462c1d38578c"
        },
        {
          "type": "renderModule",
          "assetId": "AG2XBIi7yI",
          "checksum": "e9d4129553c2b78f2b11345aca79aa3f"
        },
        {
          "type": "cssRules",
          "assetId": "AG2XBIi7yI",
          "checksum": "e9d4129553c2b78f2b11345aca79aa3f"
        },
        {
          "type": "renderModule",
          "assetId": "UCC9cPmpMJg",
          "checksum": "a7a14d761c9017d0b7aeb783c63453e0"
        },
        {
          "type": "cssRules",
          "assetId": "UCC9cPmpMJg",
          "checksum": "a7a14d761c9017d0b7aeb783c63453e0"
        },
        {
          "type": "renderModule",
          "assetId": "sgi7NN-o1t7",
          "checksum": "82a464a7f2a9a1892dbf4c7760d76ec2"
        },
        {
          "type": "cssRules",
          "assetId": "sgi7NN-o1t7",
          "checksum": "82a464a7f2a9a1892dbf4c7760d76ec2"
        },
        {
          "type": "renderModule",
          "assetId": "XvtwSN6Mjk",
          "checksum": "37e90fa22e651090e0ec38d8ab1cfae6"
        },
        {
          "type": "cssRules",
          "assetId": "XvtwSN6Mjk",
          "checksum": "37e90fa22e651090e0ec38d8ab1cfae6"
        },
        {
          "type": "renderModule",
          "assetId": "lnSzaRTTpE",
          "checksum": "712c6be82e7d23dc9fb3fa059294d76b"
        },
        {
          "type": "cssRules",
          "assetId": "lnSzaRTTpE",
          "checksum": "712c6be82e7d23dc9fb3fa059294d76b"
        },
        {
          "type": "renderModule",
          "assetId": "IehReNmWop",
          "checksum": "47b9432d7f399ed7108b383b84c217ab"
        },
        {
          "type": "cssRules",
          "assetId": "IehReNmWop",
          "checksum": "47b9432d7f399ed7108b383b84c217ab"
        },
        {
          "type": "renderModule",
          "assetId": "LQC4_SZ5LlT",
          "checksum": "816d228cf2cd8607ef8c1e3484c322d6"
        },
        {
          "type": "cssRules",
          "assetId": "LQC4_SZ5LlT",
          "checksum": "816d228cf2cd8607ef8c1e3484c322d6"
        },
        {
          "type": "renderModule",
          "assetId": "SHXv-rndbh",
          "checksum": "d76057cae9c8026d2eac3e6ce236b42d"
        },
        {
          "type": "cssRules",
          "assetId": "SHXv-rndbh",
          "checksum": "d76057cae9c8026d2eac3e6ce236b42d"
        },
        {
          "type": "renderModule",
          "assetId": "sdBBiB4Cb3",
          "checksum": "76bf8eb2291727433ece07bf3d8c14e0"
        },
        {
          "type": "cssRules",
          "assetId": "sdBBiB4Cb3",
          "checksum": "76bf8eb2291727433ece07bf3d8c14e0"
        },
        {
          "type": "renderModule",
          "assetId": "BuTSxi37rUl",
          "checksum": "e9b27635137bc3d94e3a32e22d52359f"
        },
        {
          "type": "cssRules",
          "assetId": "BuTSxi37rUl",
          "checksum": "e9b27635137bc3d94e3a32e22d52359f"
        },
        {
          "type": "renderModule",
          "assetId": "19Otlemsjn",
          "checksum": "6a9685707d86019650d6f057c1c852e6"
        },
        {
          "type": "cssRules",
          "assetId": "19Otlemsjn",
          "checksum": "6a9685707d86019650d6f057c1c852e6"
        },
        {
          "type": "renderModule",
          "assetId": "4w-gEvjCCP",
          "checksum": "472fff042e87a1d44f69636a8d33b2b4"
        },
        {
          "type": "cssRules",
          "assetId": "4w-gEvjCCP",
          "checksum": "472fff042e87a1d44f69636a8d33b2b4"
        },
        {
          "type": "renderModule",
          "assetId": "aIK15ggyc1p",
          "checksum": "7cf5e9bdd9c22347afb2116913996e6d"
        },
        {
          "type": "cssRules",
          "assetId": "aIK15ggyc1p",
          "checksum": "7cf5e9bdd9c22347afb2116913996e6d"
        },
        {
          "type": "renderModule",
          "assetId": "QhJ17l5Yhs",
          "checksum": "4b6701a6101048fcbcfeb36891dafc70"
        },
        {
          "type": "cssRules",
          "assetId": "QhJ17l5Yhs",
          "checksum": "4b6701a6101048fcbcfeb36891dafc70"
        },
        {
          "type": "icon",
          "assetId": "aosSKnRcbUV",
          "checksum": "c9204f06d3bc452b1bdc9930521508d5"
        },
        {
          "type": "icon",
          "assetId": "5pvQ6e0EVXa",
          "checksum": "8bd5e29465e083c7c761e07c01e17ceb"
        },
        {
          "type": "icon",
          "assetId": "AYUAb-vAHEB",
          "checksum": "ef11c79bddac123fb9f231ef5e6f2e14"
        },
        {
          "type": "icon",
          "assetId": "1ey0emVXvWi",
          "checksum": "c8a990fd3e47844eb5287189cae168ff"
        },
        {
          "type": "icon",
          "assetId": "4fUwQREtlqP",
          "checksum": "8700f4af005a5560cb4b85f2c33ba100"
        },
        {
          "type": "icon",
          "assetId": "WAbd2teI-QF",
          "checksum": "26fdb59439158696ed52362c569af89b"
        },
        {
          "type": "icon",
          "assetId": "MzLfF0zEslk",
          "checksum": "ea1f0357b9a00c2d415f979c209d2547"
        },
        {
          "type": "icon",
          "assetId": "494FH_2mOp-",
          "checksum": "c7ae401cc3aec029355fb77d0b058d04"
        },
        {
          "type": "icon",
          "assetId": "kEgQ6dkml",
          "checksum": "f04cac50bc2fbd150df6bb6025f87336"
        },
        {
          "type": "icon",
          "assetId": "-NPpKMD226",
          "checksum": "675258713678ee571e798eb45b1bec48"
        },
        {
          "type": "icon",
          "assetId": "f-OeLVHZCQ",
          "checksum": "3089c8e23a05c250afb1e727bd198940"
        },
        {
          "type": "icon",
          "assetId": "S56YTB8eeI",
          "checksum": "0ca7873fbb673401ee7ae495d7a859fd"
        },
        {
          "type": "icon",
          "assetId": "uCAR7aiwd_",
          "checksum": "427e6416e81ca7685627db5b3cd1f0b4"
        },
        {
          "type": "icon",
          "assetId": "VZ1uTyemTm",
          "checksum": "df1afeab0abb0519ae81d397e2610ec2"
        },
        {
          "type": "image",
          "assetId": "a82kRf_hR",
          "checksum": "b59a93828214c5f1bd4765c04ed3c324"
        },
        {
          "type": "image",
          "assetId": "49gKu5nFR",
          "checksum": "2d5f177dc3f77a4f71df757ee0c95cc0"
        },
        {
          "type": "image",
          "assetId": "xgR8J7tPp",
          "checksum": "ff226e42febd361b4881d3dc25d1d27e"
        },
        {
          "type": "image",
          "assetId": "dJoSYNukj",
          "checksum": "4bdd3fab92452ca9f80c98f2742fd025"
        },
        {
          "type": "image",
          "assetId": "TSZ2AN1oU",
          "checksum": "aadf8fc8a0167e29d09ee6a8c877d1e3"
        },
        {
          "type": "image",
          "assetId": "xxDT93Jo5",
          "checksum": "f76103bd05881b9c71d1debd5e782611"
        },
        {
          "type": "image",
          "assetId": "KgUotKrLDe",
          "checksum": "0a2043020719d7caac7c9f84f1ea3dff"
        },
        {
          "type": "image",
          "assetId": "RtQXeFmWK0",
          "checksum": "afb8cdb3b636102a2d73e81786dc4810"
        },
        {
          "type": "image",
          "assetId": "eOIFk59I59",
          "checksum": "66efbabfc3e3f6dc23581cc328a8b5c0"
        },
        {
          "type": "image",
          "assetId": "jgOLaSp7lq",
          "checksum": "1c783ff1e3ee519e3c1e94147e37d06c"
        },
        {
          "type": "image",
          "assetId": "-6bus3W2CU",
          "checksum": "31d85a765f5edddde512c334a023cf49"
        },
        {
          "type": "image",
          "assetId": "cE_yNLblhc",
          "checksum": "178262830a67ef85b8cb90d3c423ae1d"
        },
        {
          "type": "image",
          "assetId": "6On9O3bmIW",
          "checksum": "245423e424ca5c47be8aa3b266cb23da"
        },
        {
          "type": "image",
          "assetId": "FaGREJs7ei",
          "checksum": "512bb22ccb11aa9e9f05229f52bca693"
        },
        {
          "type": "image",
          "assetId": "8Cgrf0S5Oo",
          "checksum": "07594156024edb74be4fb7da6f91dbb8"
        },
        {
          "type": "image",
          "assetId": "D2hpiI-sFN",
          "checksum": "610db97c00c0a728c71b41fd4f5c55e6"
        },
        {
          "type": "image",
          "assetId": "cTE7-thDCH",
          "checksum": "2d887f7c639c2ebabad2ec310c76300f"
        },
        {
          "type": "image",
          "assetId": "a2gno820Ku",
          "checksum": "6755f61a88fe7c7335b04b78b0d02a9a"
        },
        {
          "type": "image",
          "assetId": "HZtkscPnAp",
          "checksum": "9dc7a22c892e757a3c5d94bcda29f078"
        },
        {
          "type": "image",
          "assetId": "KPk_IwhdAx",
          "checksum": "4480417fd10679fb8d3b3c203d306d1a"
        },
        {
          "type": "image",
          "assetId": "g86RBWyJux",
          "checksum": "8b9c8cc9c22a1c5b786245b2e61abd22"
        },
        {
          "type": "image",
          "assetId": "7YUmmC6CqfR",
          "checksum": "22be7b28fce2822e67a3a3be058c209b"
        },
        {
          "type": "image",
          "assetId": "d-ZOG2yx5YT",
          "checksum": "524cdb44d97799b8c1e5d1b6dbc0446e"
        },
        {
          "type": "image",
          "assetId": "Hfit6leiKUs",
          "checksum": "15e9ae1812a39dcac2082a7fbe7120e8"
        },
        {
          "type": "image",
          "assetId": "KpYpYpV6Dlt",
          "checksum": "cd188777a9798c341d64729a3ddc94c3"
        },
        {
          "type": "image",
          "assetId": "DnR9TIZEfLZ",
          "checksum": "0a9f0a0fc3ff082811d13be9b85b41e4"
        },
        {
          "type": "image",
          "assetId": "z-Ac2MziU",
          "checksum": "df5fb10c20d84d479848524fbbc2011f"
        },
        {
          "type": "image",
          "assetId": "vJIVdPxsL",
          "checksum": "054108bc260bf278a3205e0c6eec4b4b"
        },
        {
          "type": "image",
          "assetId": "Kxd1xt8NTY",
          "checksum": "d41de846b6587218b49ef6695ca08ef1"
        },
        {
          "type": "image",
          "assetId": "nj3NfF7rAB",
          "checksum": "a62069552f49f05b6abcd1aac94d72d7"
        },
        {
          "type": "image",
          "assetId": "v8VtjUppVG",
          "checksum": "7a266cb65b9c1df43912d5abcdd4b980"
        },
        {
          "type": "image",
          "assetId": "BFIhRdJwH9",
          "checksum": "03f305532ae50efb893d573f2ac779f5"
        },
        {
          "type": "image",
          "assetId": "O9zjM6b_Nx",
          "checksum": "61a213427dc40072f5c0b274bd5082f9"
        },
        {
          "type": "image",
          "assetId": "NkjnUADlKp",
          "checksum": "ae14f0d85e6b8ccd3771dd67545df68c"
        },
        {
          "type": "image",
          "assetId": "1FjgyN7blV",
          "checksum": "028f0342ff69200241061170dafa760f"
        },
        {
          "type": "image",
          "assetId": "3GEzdA3UQ9",
          "checksum": "f4e9be843b39f799cd509080e46ba114"
        },
        {
          "type": "image",
          "assetId": "rK0xul1MKE",
          "checksum": "1a79c3b495a06e5c0259c9c77179916d"
        },
        {
          "type": "image",
          "assetId": "5FHn6iZFie",
          "checksum": "8b83f7835858ea85bb6e1885b79927f3"
        },
        {
          "type": "image",
          "assetId": "JyF_hq__mb",
          "checksum": "67dffb07fc19b739448d669ce5780fce"
        },
        {
          "type": "image",
          "assetId": "5Tt5jewYrB",
          "checksum": "7505c6462262eaf3f18343401d6c9e6a"
        },
        {
          "type": "image",
          "assetId": "B3Ni3Vs64u",
          "checksum": "8fffbef08aa3ea190f469ed9f76cd5b1"
        },
        {
          "type": "image",
          "assetId": "2w9TKFgmDv",
          "checksum": "2808b39ca7a2a29b13d7da2aabd1d17d"
        },
        {
          "type": "image",
          "assetId": "XoSpzjsKPT",
          "checksum": "80e978b6426e6b711bc6cf3ca396b3db"
        },
        {
          "type": "image",
          "assetId": "03UWCQTM1Q0",
          "checksum": "2720cc085b50a8926fcfe6df55e35aa6"
        },
        {
          "type": "image",
          "assetId": "z7UZkri-Jhw",
          "checksum": "4ac365a07756247c8278101e0fe0597b"
        },
        {
          "type": "image",
          "assetId": "NAI4SIWnRWh",
          "checksum": "c1de00911cf60758e2d875f9c8717d41"
        },
        {
          "type": "image",
          "assetId": "zwIy0M9C7aA",
          "checksum": "05fab78e25b3f515914cf0e108ba1b7a"
        },
        {
          "type": "image",
          "assetId": "0e0XVWEqDj1",
          "checksum": "3680c4119d5f073a5a1a3a165f5be81c"
        },
        {
          "type": "image",
          "assetId": "C7Sex1XxR09",
          "checksum": "a04756b677e15e036cdb68f654063792"
        },
        {
          "type": "image",
          "assetId": "sjDMk3qdWDo",
          "checksum": "e87efc3cdc66d05cfa47832d1fa54ec6"
        },
        {
          "type": "image",
          "assetId": "QnxWUOOiHDK",
          "checksum": "b76f7e7ffd696dd494fc99311693f99d"
        },
        {
          "type": "image",
          "assetId": "MCRiKbHo5mK",
          "checksum": "d9ec68891823c5a98b71c15ed7f1d03b"
        },
        {
          "type": "image",
          "assetId": "mSBPMfgdDQX",
          "checksum": "6fcd72cd903df5d966ed6a25307af6c0"
        },
        {
          "type": "image",
          "assetId": "_ko7MjWLvFk",
          "checksum": "e96f9c1f6a142f53d2a7f2c49a2dc510"
        },
        {
          "type": "image",
          "assetId": "Rqv5RPuCGAw",
          "checksum": "5f5a13034226fd1a5f71cad6ea2e9b32"
        },
        {
          "type": "image",
          "assetId": "W8UV2uL8S62",
          "checksum": "3835f0d26d49deeeac1b3ae37c0043e1"
        },
        {
          "type": "image",
          "assetId": "g1ja_gfKdfO",
          "checksum": "190d8516647d50ad98ee23eac9e7a907"
        },
        {
          "type": "image",
          "assetId": "OiPgiXzNa76",
          "checksum": "30db769fb13e276dcc354a5ed9de1d18"
        },
        {
          "type": "image",
          "assetId": "DXv-3mpM3V3",
          "checksum": "42ec78faf0df75e014b5c133e920cfb4"
        },
        {
          "type": "image",
          "assetId": "R1ELzpvLnU5",
          "checksum": "d1379f9b64ed20363b95620fde82829b"
        },
        {
          "type": "image",
          "assetId": "GQe0EJ6cF2i",
          "checksum": "fe3397042a60d6a0a4c019da3c29da0b"
        },
        {
          "type": "image",
          "assetId": "1hlFpe5lxfn",
          "checksum": "b3089749d06faaeebd419a2ab0ba5612"
        },
        {
          "type": "image",
          "assetId": "F-MP5t5mq6N",
          "checksum": "d8729292477c3b064684702bac427667"
        },
        {
          "type": "image",
          "assetId": "sixxnsQ5B9U",
          "checksum": "e9bd6b8c29ed40a9a444cd83b8f38dff"
        },
        {
          "type": "image",
          "assetId": "mV7oeF5fnDR",
          "checksum": "548e575b326d36447b0a4e36fb00e70f"
        },
        {
          "type": "image",
          "assetId": "U1RjV3687cG",
          "checksum": "a9b201c9c26a7deab843703f290a890a"
        },
        {
          "type": "image",
          "assetId": "LZQe7O_kKqc",
          "checksum": "a9ebb1c1b52a52a74e091686799f1ca3"
        },
        {
          "type": "image",
          "assetId": "4koUT42RIgF",
          "checksum": "0a37ec8905d2a6e6309ce2ee92ec7ec0"
        },
        {
          "type": "image",
          "assetId": "2upwYgbfPi1",
          "checksum": "3a11481482d65498ab53cf9e1e7de70e"
        },
        {
          "type": "image",
          "assetId": "gp4mkQQ843v",
          "checksum": "057d015333ddfee8899109bb251b600f"
        },
        {
          "type": "image",
          "assetId": "bXiHqNheL96",
          "checksum": "9830e27e007cd01b214f2f1096435a87"
        },
        {
          "type": "image",
          "assetId": "GM_W5S17Csp",
          "checksum": "6eb2ad42622fe4390717f15868551a00"
        },
        {
          "type": "image",
          "assetId": "FJBtBaMet_N",
          "checksum": "e0841d6bcffd0066465f5d3ce8b038e9"
        },
        {
          "type": "image",
          "assetId": "Ihx-A39EV",
          "checksum": "afcabe7fd03e58406e4681db21306d38"
        },
        {
          "type": "image",
          "assetId": "tN3I-rtVXb",
          "checksum": "610855f2fda3a647799a318969d66a9e"
        },
        {
          "type": "image",
          "assetId": "SgMme0Izcc",
          "checksum": "42fdeccf452ae8fe927e77f1e8fcc961"
        },
        {
          "type": "image",
          "assetId": "i1bQCZRyY7",
          "checksum": "aba93f0a57440eaea6cf50366888547a"
        },
        {
          "type": "image",
          "assetId": "jBqorFa3-4",
          "checksum": "a797496627e49360474812d4f3b92cee"
        },
        {
          "type": "image",
          "assetId": "BGYQrsveC4",
          "checksum": "897ebd6dcd7c8cfabdb9a19b849cbb06"
        },
        {
          "type": "image",
          "assetId": "ozT-cufOLs",
          "checksum": "4874c1334e24992d5aa3385a6a0a34b0"
        },
        {
          "type": "image",
          "assetId": "XmNTKMuRTn",
          "checksum": "4f6e8f030b270953d2428086cc0ef492"
        },
        {
          "type": "image",
          "assetId": "0JrtDOE85O",
          "checksum": "12e7283961386d157df761f8a7252c15"
        },
        {
          "type": "image",
          "assetId": "jeWiCUUiBB",
          "checksum": "8bbbe17bedb684dc51caff6e9ad495cc"
        },
        {
          "type": "image",
          "assetId": "kbVeKvURpR",
          "checksum": "a6a979505824e34221aa9202774cd4d4"
        },
        {
          "type": "image",
          "assetId": "hWh5kS5zln",
          "checksum": "c5adff1d307c637907f18ea83c2c733d"
        },
        {
          "type": "image",
          "assetId": "i-sb442V0v",
          "checksum": "b0852befe0bb9e05a5e96bfa4367c9c0"
        },
        {
          "type": "image",
          "assetId": "oBr8U23ukS",
          "checksum": "a9522e6f1acbdbc86d9478a52335406d"
        },
        {
          "type": "image",
          "assetId": "ttgh_M-1g2",
          "checksum": "5d46e33c89f7d05815c0e4aa19cc4c87"
        },
        {
          "type": "image",
          "assetId": "7BArJhrssk",
          "checksum": "04bdc80f37180809a9a5e49935a0eb99"
        },
        {
          "type": "image",
          "assetId": "7UWBeyq7E",
          "checksum": "195c737300325197da263a8d9c16b576"
        },
        {
          "type": "image",
          "assetId": "syEOFZdq8",
          "checksum": "96ff8f2a83ea39fa1c168992d27b4f56"
        },
        {
          "type": "image",
          "assetId": "s_Hq58Of_",
          "checksum": "ce88d1a591b904beaa1fa712a3680a6e"
        },
        {
          "type": "image",
          "assetId": "Ip-585Ko3",
          "checksum": "85353f316e8cf9f86fa691fa0f998a41"
        },
        {
          "type": "image",
          "assetId": "-sdUteXYl",
          "checksum": "ac1535cf3ce3fd836c463e6c06c001fd"
        },
        {
          "type": "image",
          "assetId": "J6aM4wfST",
          "checksum": "2aefcd045427251bc33ec7c3e37be128"
        },
        {
          "type": "image",
          "assetId": "wwmszJ5463",
          "checksum": "f4ff76538f2879474f18118b846b30bc"
        },
        {
          "type": "image",
          "assetId": "dtRreVyP2",
          "checksum": "b05f6a98fcf53aeea85da8ca4791a6f9"
        },
        {
          "type": "image",
          "assetId": "Whr8dl927",
          "checksum": "ea122c34857ae4c9c6887ec7a627ecf0"
        },
        {
          "type": "image",
          "assetId": "IXJoo1Zqy",
          "checksum": "6532fe00be322e047d5e0c2bd74dd7f5"
        },
        {
          "type": "image",
          "assetId": "ZsY_WTHwT",
          "checksum": "0c527a492267d3342f579e68f557159b"
        },
        {
          "type": "image",
          "assetId": "KNMhPgKkU",
          "checksum": "86105bde978cdfa3686bf121ad258d66"
        },
        {
          "type": "image",
          "assetId": "CHLkumabZC",
          "checksum": "15b0c0e0523a2b332820c919a7db06cc"
        },
        {
          "type": "image",
          "assetId": "E-wuYfCEqa",
          "checksum": "2bab20ce7a12a94559e55891e7d240d7"
        },
        {
          "type": "image",
          "assetId": "h82LFqH6l1",
          "checksum": "0a9924b1587a8d1fe2a384a5d77bc67f"
        },
        {
          "type": "image",
          "assetId": "lcS2axN52d",
          "checksum": "12d11739b3841a62ebdb12acfb4169a5"
        },
        {
          "type": "image",
          "assetId": "woA3rEjqkY",
          "checksum": "08d45fd7baf6e07f72aa9ba3bdd6701b"
        },
        {
          "type": "image",
          "assetId": "MGVnCd94O",
          "checksum": "770c500eb43cce7149e9e6ebace383d2"
        },
        {
          "type": "image",
          "assetId": "GGiDbOB6ml",
          "checksum": "e82296121ec6d2557b428516a93222eb"
        },
        {
          "type": "image",
          "assetId": "YHPUpfyH3S",
          "checksum": "fdc272bb7657096cf8e2581376a9858d"
        },
        {
          "type": "image",
          "assetId": "rVsSyttfHv",
          "checksum": "b9f3b4f2875d7de861c8c0373be4bce2"
        },
        {
          "type": "image",
          "assetId": "sknb8MRZS",
          "checksum": "b7965e712c4214a34fb464023b98263a"
        },
        {
          "type": "image",
          "assetId": "MpO1TwyNbO",
          "checksum": "4fc873c27d22d74029ba94ad6caa357a"
        },
        {
          "type": "image",
          "assetId": "lZbgxaj-fE",
          "checksum": "6edf5ddfbc6c45d9f40e1c897a13b08c"
        },
        {
          "type": "image",
          "assetId": "IykWIH5BKo",
          "checksum": "6e8c596d79ce8c62cf8ff82a52ddaed0"
        },
        {
          "type": "image",
          "assetId": "qHJmOxke4",
          "checksum": "2542c67759ea038ea603f1769a144482"
        },
        {
          "type": "image",
          "assetId": "BoAnK6BZZa",
          "checksum": "17f22b877bd2f8079f25bd4492775d02"
        },
        {
          "type": "image",
          "assetId": "1E_w6JKJRv",
          "checksum": "949fda4900a660bdc7f0190afc0c8d8d"
        },
        {
          "type": "image",
          "assetId": "0bMABmME3b",
          "checksum": "96bb4917f2be90040b410a5787465e13"
        },
        {
          "type": "image",
          "assetId": "_6Y3ctyC1b",
          "checksum": "f6cc75c85e06dd014d169c94cbd2b681"
        },
        {
          "type": "image",
          "assetId": "WR8PqpS4h",
          "checksum": "dc07fb53c30ac6c1ccfe0ccd067c2d83"
        },
        {
          "type": "image",
          "assetId": "H_GBqEfc0",
          "checksum": "a9a14cb15a7cfe942d5bda9a3638f783"
        },
        {
          "assetId": "gzk14oXgaAXzvGY4rg9Zpf",
          "type": "projectCss",
          "checksum": "b16d26288585b765543ff6897c611b4e"
        },
        {
          "type": "image",
          "assetId": "8VIZHqlGw",
          "checksum": "0754bef377895c663095c6dd6af0d8cb"
        }
      ],
      "codegenVersion": "0.0.1"
    }
  ],
  "cliVersion": "0.1.216"
}
